
Microsoft Visual Studio Solution File, Format Version 12.00
# Visual Studio Version 17
VisualStudioVersion = 17.2.32630.192
MinimumVisualStudioVersion = 10.0.40219.1
Project("{8BC9CEB8-8B4A-11D0-8D11-00A0C91BC942}") = "Chapter 1", "Module 1\Chapter 1\Chapter 1.vcxproj", "{D14F649E-BE2D-498A-9B72-299C5F493221}"
EndProject
Project("{2150E333-8FDC-42A3-9474-1A3956D46DE8}") = "Module 1", "Module 1", "{AEB9B741-1FB4-451D-B20D-A13C076B6B61}"
EndProject
Project("{8BC9CEB8-8B4A-11D0-8D11-00A0C91BC942}") = "Chapter 2", "Module 1\Chapter 2\Chapter 2.vcxproj", "{55CB7EF1-F359-428A-AC69-7A6A9E649014}"
EndProject
Project("{8BC9CEB8-8B4A-11D0-8D11-00A0C91BC942}") = "Chapter 3", "Module 1\Chapter 3\Chapter 3.vcxproj", "{C30659E2-53D4-4332-949C-F47596C4450F}"
EndProject
Project("{2150E333-8FDC-42A3-9474-1A3956D46DE8}") = "Common", "Common", "{7918C70C-E1F4-406D-B0C3-81DDE611F623}"
	ProjectSection(SolutionItems) = preProject
		Common\ChallengeRunner.h = Common\ChallengeRunner.h
		Common\IChallenge.h = Common\IChallenge.h
		Common\Utilities.h = Common\Utilities.h
	EndProjectSection
EndProject
Project("{8BC9CEB8-8B4A-11D0-8D11-00A0C91BC942}") = "Chapter 4", "Module 1\Chapter 4\Chapter 4.vcxproj", "{3AF9B376-82D9-479F-8EEE-5EC5B01BFC9C}"
EndProject
Project("{8BC9CEB8-8B4A-11D0-8D11-00A0C91BC942}") = "Chapter 1", "Module 2\Chapter 1\Chapter 1.vcxproj", "{5C83846A-F583-4043-91E0-6CA21A1FB249}"
EndProject
Project("{2150E333-8FDC-42A3-9474-1A3956D46DE8}") = "Module 2", "Module 2", "{EC6E8DCD-ED00-4926-851F-B44178625A30}"
EndProject
Project("{8BC9CEB8-8B4A-11D0-8D11-00A0C91BC942}") = "Maze Game", "Module 2\Maze Game\Maze Game.vcxproj", "{9FFAED25-22A0-4CF5-92AD-0E31E24EEBFA}"
EndProject
Project("{8BC9CEB8-8B4A-11D0-8D11-00A0C91BC942}") = "LevelEditor", "Module 2\Maze Game\LevelEditor\LevelEditor.vcxproj", "{344305F8-360B-4D6A-BAD3-62F8A483C66B}"
EndProject
Project("{2150E333-8FDC-42A3-9474-1A3956D46DE8}") = "Module 3", "Module 3", "{AF180A48-75AE-46F4-AC36-796CFF6C190C}"
EndProject
Project("{8BC9CEB8-8B4A-11D0-8D11-00A0C91BC942}") = "Chapter 1", "Module 3\Chapter 1\Chapter 1.vcxproj", "{590EAC08-35BF-40CE-BFB1-A8A27EB22646}"
EndProject
Project("{8BC9CEB8-8B4A-11D0-8D11-00A0C91BC942}") = "Chapter 4", "Module 3\Chapter 4\Chapter 4.vcxproj", "{65F87DAB-F52A-4E9A-95CF-A3087DFADA1C}"
EndProject
Project("{8BC9CEB8-8B4A-11D0-8D11-00A0C91BC942}") = "Chapter 3", "Module 3\Chapter 3\Chapter 3.vcxproj", "{C9C3CDC7-39CE-4966-B2A6-C94B0D4F69D8}"
EndProject
Project("{2150E333-8FDC-42A3-9474-1A3956D46DE8}") = "Module 4", "Module 4", "{35F4C0A9-91D5-42B5-9566-6022A7FB7C43}"
EndProject
Project("{2150E333-8FDC-42A3-9474-1A3956D46DE8}") = "Chapter 1", "Chapter 1", "{1293EEB1-1945-45A7-8AAC-F1872C2081CE}"
EndProject
Project("{8BC9CEB8-8B4A-11D0-8D11-00A0C91BC942}") = "Client", "Module 4\Chapter 1\Client\Client.vcxproj", "{65A78B38-F060-455F-A7D1-D388E6B54913}"
EndProject
Project("{8BC9CEB8-8B4A-11D0-8D11-00A0C91BC942}") = "Server", "Module 4\Chapter 1\Server\Server.vcxproj", "{7A958A18-A8CC-4BB1-9463-8D755D20E7FD}"
EndProject
Project("{8BC9CEB8-8B4A-11D0-8D11-00A0C91BC942}") = "Chapter 2", "Module 4\Chapter 2\Chapter 2.vcxproj", "{06963F86-BCDF-4F58-B143-C44842C551B1}"
EndProject
Project("{2150E333-8FDC-42A3-9474-1A3956D46DE8}") = "Chapter 3", "Chapter 3", "{69F73D8A-57BC-43AE-95AF-464576B42BCF}"
EndProject
Project("{8BC9CEB8-8B4A-11D0-8D11-00A0C91BC942}") = "GameClient", "Module 4\Chapter 3\GameClient\GameClient.vcxproj", "{9E373B95-D8C3-4415-8935-D515502E2E32}"
EndProject
Project("{8BC9CEB8-8B4A-11D0-8D11-00A0C91BC942}") = "GameServer", "Module 4\Chapter 3\GameServer\GameServer.vcxproj", "{38C69250-B3C7-4E6D-97DC-7D1F7073959A}"
EndProject
Project("{2150E333-8FDC-42A3-9474-1A3956D46DE8}") = "Common", "Common", "{146F93DF-5B13-4784-8884-39A0289EC6B7}"
	ProjectSection(SolutionItems) = preProject
		Module 4\Chapter 3\Common\GamePacket.h = Module 4\Chapter 3\Common\GamePacket.h
	EndProjectSection
EndProject
Project("{2150E333-8FDC-42A3-9474-1A3956D46DE8}") = "Extra Challenges", "Extra Challenges", "{E0A1ED62-B575-41E0-9E88-0A9C9EF075A1}"
EndProject
Project("{8BC9CEB8-8B4A-11D0-8D11-00A0C91BC942}") = "Beehive Challenge", "Extra Challenges\Beehive Challenge\Beehive Challenge.vcxproj", "{FBAFF89D-C0AF-4222-A9BF-3FC3DB1D244A}"
EndProject
Global
	GlobalSection(SolutionConfigurationPlatforms) = preSolution
		Debug|x64 = Debug|x64
		Debug|x86 = Debug|x86
		Release|x64 = Release|x64
		Release|x86 = Release|x86
	EndGlobalSection
	GlobalSection(ProjectConfigurationPlatforms) = postSolution
		{D14F649E-BE2D-498A-9B72-299C5F493221}.Debug|x64.ActiveCfg = Debug|x64
		{D14F649E-BE2D-498A-9B72-299C5F493221}.Debug|x64.Build.0 = Debug|x64
		{D14F649E-BE2D-498A-9B72-299C5F493221}.Debug|x86.ActiveCfg = Debug|Win32
		{D14F649E-BE2D-498A-9B72-299C5F493221}.Debug|x86.Build.0 = Debug|Win32
		{D14F649E-BE2D-498A-9B72-299C5F493221}.Release|x64.ActiveCfg = Release|x64
		{D14F649E-BE2D-498A-9B72-299C5F493221}.Release|x64.Build.0 = Release|x64
		{D14F649E-BE2D-498A-9B72-299C5F493221}.Release|x86.ActiveCfg = Release|Win32
		{D14F649E-BE2D-498A-9B72-299C5F493221}.Release|x86.Build.0 = Release|Win32
		{55CB7EF1-F359-428A-AC69-7A6A9E649014}.Debug|x64.ActiveCfg = Debug|x64
		{55CB7EF1-F359-428A-AC69-7A6A9E649014}.Debug|x64.Build.0 = Debug|x64
		{55CB7EF1-F359-428A-AC69-7A6A9E649014}.Debug|x86.ActiveCfg = Debug|Win32
		{55CB7EF1-F359-428A-AC69-7A6A9E649014}.Debug|x86.Build.0 = Debug|Win32
		{55CB7EF1-F359-428A-AC69-7A6A9E649014}.Release|x64.ActiveCfg = Release|x64
		{55CB7EF1-F359-428A-AC69-7A6A9E649014}.Release|x64.Build.0 = Release|x64
		{55CB7EF1-F359-428A-AC69-7A6A9E649014}.Release|x86.ActiveCfg = Release|Win32
		{55CB7EF1-F359-428A-AC69-7A6A9E649014}.Release|x86.Build.0 = Release|Win32
		{C30659E2-53D4-4332-949C-F47596C4450F}.Debug|x64.ActiveCfg = Debug|x64
		{C30659E2-53D4-4332-949C-F47596C4450F}.Debug|x64.Build.0 = Debug|x64
		{C30659E2-53D4-4332-949C-F47596C4450F}.Debug|x86.ActiveCfg = Debug|Win32
		{C30659E2-53D4-4332-949C-F47596C4450F}.Debug|x86.Build.0 = Debug|Win32
		{C30659E2-53D4-4332-949C-F47596C4450F}.Release|x64.ActiveCfg = Release|x64
		{C30659E2-53D4-4332-949C-F47596C4450F}.Release|x64.Build.0 = Release|x64
		{C30659E2-53D4-4332-949C-F47596C4450F}.Release|x86.ActiveCfg = Release|Win32
		{C30659E2-53D4-4332-949C-F47596C4450F}.Release|x86.Build.0 = Release|Win32
		{3AF9B376-82D9-479F-8EEE-5EC5B01BFC9C}.Debug|x64.ActiveCfg = Debug|x64
		{3AF9B376-82D9-479F-8EEE-5EC5B01BFC9C}.Debug|x64.Build.0 = Debug|x64
		{3AF9B376-82D9-479F-8EEE-5EC5B01BFC9C}.Debug|x86.ActiveCfg = Debug|Win32
		{3AF9B376-82D9-479F-8EEE-5EC5B01BFC9C}.Debug|x86.Build.0 = Debug|Win32
		{3AF9B376-82D9-479F-8EEE-5EC5B01BFC9C}.Release|x64.ActiveCfg = Release|x64
		{3AF9B376-82D9-479F-8EEE-5EC5B01BFC9C}.Release|x64.Build.0 = Release|x64
		{3AF9B376-82D9-479F-8EEE-5EC5B01BFC9C}.Release|x86.ActiveCfg = Release|Win32
		{3AF9B376-82D9-479F-8EEE-5EC5B01BFC9C}.Release|x86.Build.0 = Release|Win32
		{5C83846A-F583-4043-91E0-6CA21A1FB249}.Debug|x64.ActiveCfg = Debug|x64
		{5C83846A-F583-4043-91E0-6CA21A1FB249}.Debug|x64.Build.0 = Debug|x64
		{5C83846A-F583-4043-91E0-6CA21A1FB249}.Debug|x86.ActiveCfg = Debug|Win32
		{5C83846A-F583-4043-91E0-6CA21A1FB249}.Debug|x86.Build.0 = Debug|Win32
		{5C83846A-F583-4043-91E0-6CA21A1FB249}.Release|x64.ActiveCfg = Release|x64
		{5C83846A-F583-4043-91E0-6CA21A1FB249}.Release|x64.Build.0 = Release|x64
		{5C83846A-F583-4043-91E0-6CA21A1FB249}.Release|x86.ActiveCfg = Release|Win32
		{5C83846A-F583-4043-91E0-6CA21A1FB249}.Release|x86.Build.0 = Release|Win32
		{9FFAED25-22A0-4CF5-92AD-0E31E24EEBFA}.Debug|x64.ActiveCfg = Debug|x64
		{9FFAED25-22A0-4CF5-92AD-0E31E24EEBFA}.Debug|x64.Build.0 = Debug|x64
		{9FFAED25-22A0-4CF5-92AD-0E31E24EEBFA}.Debug|x86.ActiveCfg = Debug|Win32
		{9FFAED25-22A0-4CF5-92AD-0E31E24EEBFA}.Debug|x86.Build.0 = Debug|Win32
		{9FFAED25-22A0-4CF5-92AD-0E31E24EEBFA}.Release|x64.ActiveCfg = Release|x64
		{9FFAED25-22A0-4CF5-92AD-0E31E24EEBFA}.Release|x64.Build.0 = Release|x64
		{9FFAED25-22A0-4CF5-92AD-0E31E24EEBFA}.Release|x86.ActiveCfg = Release|Win32
		{9FFAED25-22A0-4CF5-92AD-0E31E24EEBFA}.Release|x86.Build.0 = Release|Win32
		{344305F8-360B-4D6A-BAD3-62F8A483C66B}.Debug|x64.ActiveCfg = Debug|x64
		{344305F8-360B-4D6A-BAD3-62F8A483C66B}.Debug|x64.Build.0 = Debug|x64
		{344305F8-360B-4D6A-BAD3-62F8A483C66B}.Debug|x86.ActiveCfg = Debug|Win32
		{344305F8-360B-4D6A-BAD3-62F8A483C66B}.Debug|x86.Build.0 = Debug|Win32
		{344305F8-360B-4D6A-BAD3-62F8A483C66B}.Release|x64.ActiveCfg = Release|x64
		{344305F8-360B-4D6A-BAD3-62F8A483C66B}.Release|x64.Build.0 = Release|x64
		{344305F8-360B-4D6A-BAD3-62F8A483C66B}.Release|x86.ActiveCfg = Release|Win32
		{344305F8-360B-4D6A-BAD3-62F8A483C66B}.Release|x86.Build.0 = Release|Win32
		{590EAC08-35BF-40CE-BFB1-A8A27EB22646}.Debug|x64.ActiveCfg = Debug|x64
		{590EAC08-35BF-40CE-BFB1-A8A27EB22646}.Debug|x64.Build.0 = Debug|x64
		{590EAC08-35BF-40CE-BFB1-A8A27EB22646}.Debug|x86.ActiveCfg = Debug|Win32
		{590EAC08-35BF-40CE-BFB1-A8A27EB22646}.Debug|x86.Build.0 = Debug|Win32
		{590EAC08-35BF-40CE-BFB1-A8A27EB22646}.Release|x64.ActiveCfg = Release|x64
		{590EAC08-35BF-40CE-BFB1-A8A27EB22646}.Release|x64.Build.0 = Release|x64
		{590EAC08-35BF-40CE-BFB1-A8A27EB22646}.Release|x86.ActiveCfg = Release|Win32
		{590EAC08-35BF-40CE-BFB1-A8A27EB22646}.Release|x86.Build.0 = Release|Win32
		{65F87DAB-F52A-4E9A-95CF-A3087DFADA1C}.Debug|x64.ActiveCfg = Debug|x64
		{65F87DAB-F52A-4E9A-95CF-A3087DFADA1C}.Debug|x64.Build.0 = Debug|x64
		{65F87DAB-F52A-4E9A-95CF-A3087DFADA1C}.Debug|x86.ActiveCfg = Debug|Win32
		{65F87DAB-F52A-4E9A-95CF-A3087DFADA1C}.Debug|x86.Build.0 = Debug|Win32
		{65F87DAB-F52A-4E9A-95CF-A3087DFADA1C}.Release|x64.ActiveCfg = Release|x64
		{65F87DAB-F52A-4E9A-95CF-A3087DFADA1C}.Release|x64.Build.0 = Release|x64
		{65F87DAB-F52A-4E9A-95CF-A3087DFADA1C}.Release|x86.ActiveCfg = Release|Win32
		{65F87DAB-F52A-4E9A-95CF-A3087DFADA1C}.Release|x86.Build.0 = Release|Win32
		{C9C3CDC7-39CE-4966-B2A6-C94B0D4F69D8}.Debug|x64.ActiveCfg = Debug|x64
		{C9C3CDC7-39CE-4966-B2A6-C94B0D4F69D8}.Debug|x64.Build.0 = Debug|x64
		{C9C3CDC7-39CE-4966-B2A6-C94B0D4F69D8}.Debug|x86.ActiveCfg = Debug|Win32
		{C9C3CDC7-39CE-4966-B2A6-C94B0D4F69D8}.Debug|x86.Build.0 = Debug|Win32
		{C9C3CDC7-39CE-4966-B2A6-C94B0D4F69D8}.Release|x64.ActiveCfg = Release|x64
		{C9C3CDC7-39CE-4966-B2A6-C94B0D4F69D8}.Release|x64.Build.0 = Release|x64
		{C9C3CDC7-39CE-4966-B2A6-C94B0D4F69D8}.Release|x86.ActiveCfg = Release|Win32
		{C9C3CDC7-39CE-4966-B2A6-C94B0D4F69D8}.Release|x86.Build.0 = Release|Win32
		{65A78B38-F060-455F-A7D1-D388E6B54913}.Debug|x64.ActiveCfg = Debug|x64
		{65A78B38-F060-455F-A7D1-D388E6B54913}.Debug|x64.Build.0 = Debug|x64
		{65A78B38-F060-455F-A7D1-D388E6B54913}.Debug|x86.ActiveCfg = Debug|Win32
		{65A78B38-F060-455F-A7D1-D388E6B54913}.Debug|x86.Build.0 = Debug|Win32
		{65A78B38-F060-455F-A7D1-D388E6B54913}.Release|x64.ActiveCfg = Release|x64
		{65A78B38-F060-455F-A7D1-D388E6B54913}.Release|x64.Build.0 = Release|x64
		{65A78B38-F060-455F-A7D1-D388E6B54913}.Release|x86.ActiveCfg = Release|Win32
		{65A78B38-F060-455F-A7D1-D388E6B54913}.Release|x86.Build.0 = Release|Win32
		{7A958A18-A8CC-4BB1-9463-8D755D20E7FD}.Debug|x64.ActiveCfg = Debug|x64
		{7A958A18-A8CC-4BB1-9463-8D755D20E7FD}.Debug|x64.Build.0 = Debug|x64
		{7A958A18-A8CC-4BB1-9463-8D755D20E7FD}.Debug|x86.ActiveCfg = Debug|Win32
		{7A958A18-A8CC-4BB1-9463-8D755D20E7FD}.Debug|x86.Build.0 = Debug|Win32
		{7A958A18-A8CC-4BB1-9463-8D755D20E7FD}.Release|x64.ActiveCfg = Release|x64
		{7A958A18-A8CC-4BB1-9463-8D755D20E7FD}.Release|x64.Build.0 = Release|x64
		{7A958A18-A8CC-4BB1-9463-8D755D20E7FD}.Release|x86.ActiveCfg = Release|Win32
		{7A958A18-A8CC-4BB1-9463-8D755D20E7FD}.Release|x86.Build.0 = Release|Win32
		{06963F86-BCDF-4F58-B143-C44842C551B1}.Debug|x64.ActiveCfg = Debug|x64
		{06963F86-BCDF-4F58-B143-C44842C551B1}.Debug|x64.Build.0 = Debug|x64
		{06963F86-BCDF-4F58-B143-C44842C551B1}.Debug|x86.ActiveCfg = Debug|Win32
		{06963F86-BCDF-4F58-B143-C44842C551B1}.Debug|x86.Build.0 = Debug|Win32
		{06963F86-BCDF-4F58-B143-C44842C551B1}.Release|x64.ActiveCfg = Release|x64
		{06963F86-BCDF-4F58-B143-C44842C551B1}.Release|x64.Build.0 = Release|x64
		{06963F86-BCDF-4F58-B143-C44842C551B1}.Release|x86.ActiveCfg = Release|Win32
		{06963F86-BCDF-4F58-B143-C44842C551B1}.Release|x86.Build.0 = Release|Win32
		{9E373B95-D8C3-4415-8935-D515502E2E32}.Debug|x64.ActiveCfg = Debug|x64
		{9E373B95-D8C3-4415-8935-D515502E2E32}.Debug|x64.Build.0 = Debug|x64
		{9E373B95-D8C3-4415-8935-D515502E2E32}.Debug|x86.ActiveCfg = Debug|Win32
		{9E373B95-D8C3-4415-8935-D515502E2E32}.Debug|x86.Build.0 = Debug|Win32
		{9E373B95-D8C3-4415-8935-D515502E2E32}.Release|x64.ActiveCfg = Release|x64
		{9E373B95-D8C3-4415-8935-D515502E2E32}.Release|x64.Build.0 = Release|x64
		{9E373B95-D8C3-4415-8935-D515502E2E32}.Release|x86.ActiveCfg = Release|Win32
		{9E373B95-D8C3-4415-8935-D515502E2E32}.Release|x86.Build.0 = Release|Win32
		{38C69250-B3C7-4E6D-97DC-7D1F7073959A}.Debug|x64.ActiveCfg = Debug|x64
		{38C69250-B3C7-4E6D-97DC-7D1F7073959A}.Debug|x64.Build.0 = Debug|x64
		{38C69250-B3C7-4E6D-97DC-7D1F7073959A}.Debug|x86.ActiveCfg = Debug|Win32
		{38C69250-B3C7-4E6D-97DC-7D1F7073959A}.Debug|x86.Build.0 = Debug|Win32
		{38C69250-B3C7-4E6D-97DC-7D1F7073959A}.Release|x64.ActiveCfg = Release|x64
		{38C69250-B3C7-4E6D-97DC-7D1F7073959A}.Release|x64.Build.0 = Release|x64
		{38C69250-B3C7-4E6D-97DC-7D1F7073959A}.Release|x86.ActiveCfg = Release|Win32
		{38C69250-B3C7-4E6D-97DC-7D1F7073959A}.Release|x86.Build.0 = Release|Win32
		{FBAFF89D-C0AF-4222-A9BF-3FC3DB1D244A}.Debug|x64.ActiveCfg = Debug|x64
		{FBAFF89D-C0AF-4222-A9BF-3FC3DB1D244A}.Debug|x64.Build.0 = Debug|x64
		{FBAFF89D-C0AF-4222-A9BF-3FC3DB1D244A}.Debug|x86.ActiveCfg = Debug|Win32
		{FBAFF89D-C0AF-4222-A9BF-3FC3DB1D244A}.Debug|x86.Build.0 = Debug|Win32
		{FBAFF89D-C0AF-4222-A9BF-3FC3DB1D244A}.Release|x64.ActiveCfg = Release|x64
		{FBAFF89D-C0AF-4222-A9BF-3FC3DB1D244A}.Release|x64.Build.0 = Release|x64
		{FBAFF89D-C0AF-4222-A9BF-3FC3DB1D244A}.Release|x86.ActiveCfg = Release|Win32
		{FBAFF89D-C0AF-4222-A9BF-3FC3DB1D244A}.Release|x86.Build.0 = Release|Win32
	EndGlobalSection
	GlobalSection(SolutionProperties) = preSolution
		HideSolutionNode = FALSE
	EndGlobalSection
	GlobalSection(NestedProjects) = preSolution
		{D14F649E-BE2D-498A-9B72-299C5F493221} = {AEB9B741-1FB4-451D-B20D-A13C076B6B61}
		{55CB7EF1-F359-428A-AC69-7A6A9E649014} = {AEB9B741-1FB4-451D-B20D-A13C076B6B61}
		{C30659E2-53D4-4332-949C-F47596C4450F} = {AEB9B741-1FB4-451D-B20D-A13C076B6B61}
		{3AF9B376-82D9-479F-8EEE-5EC5B01BFC9C} = {AEB9B741-1FB4-451D-B20D-A13C076B6B61}
		{5C83846A-F583-4043-91E0-6CA21A1FB249} = {EC6E8DCD-ED00-4926-851F-B44178625A30}
		{9FFAED25-22A0-4CF5-92AD-0E31E24EEBFA} = {EC6E8DCD-ED00-4926-851F-B44178625A30}
		{344305F8-360B-4D6A-BAD3-62F8A483C66B} = {EC6E8DCD-ED00-4926-851F-B44178625A30}
		{590EAC08-35BF-40CE-BFB1-A8A27EB22646} = {AF180A48-75AE-46F4-AC36-796CFF6C190C}
		{65F87DAB-F52A-4E9A-95CF-A3087DFADA1C} = {AF180A48-75AE-46F4-AC36-796CFF6C190C}
		{C9C3CDC7-39CE-4966-B2A6-C94B0D4F69D8} = {AF180A48-75AE-46F4-AC36-796CFF6C190C}
		{1293EEB1-1945-45A7-8AAC-F1872C2081CE} = {35F4C0A9-91D5-42B5-9566-6022A7FB7C43}
		{65A78B38-F060-455F-A7D1-D388E6B54913} = {1293EEB1-1945-45A7-8AAC-F1872C2081CE}
		{7A958A18-A8CC-4BB1-9463-8D755D20E7FD} = {1293EEB1-1945-45A7-8AAC-F1872C2081CE}
		{06963F86-BCDF-4F58-B143-C44842C551B1} = {35F4C0A9-91D5-42B5-9566-6022A7FB7C43}
		{69F73D8A-57BC-43AE-95AF-464576B42BCF} = {35F4C0A9-91D5-42B5-9566-6022A7FB7C43}
		{9E373B95-D8C3-4415-8935-D515502E2E32} = {69F73D8A-57BC-43AE-95AF-464576B42BCF}
		{38C69250-B3C7-4E6D-97DC-7D1F7073959A} = {69F73D8A-57BC-43AE-95AF-464576B42BCF}
		{146F93DF-5B13-4784-8884-39A0289EC6B7} = {69F73D8A-57BC-43AE-95AF-464576B42BCF}
		{FBAFF89D-C0AF-4222-A9BF-3FC3DB1D244A} = {E0A1ED62-B575-41E0-9E88-0A9C9EF075A1}
	EndGlobalSection
	GlobalSection(ExtensibilityGlobals) = postSolution
		SolutionGuid = {0312A7A0-7F74-4BB8-B6F2-C617B8B7D5D4}
	EndGlobalSection
EndGlobal
