
Microsoft Visual Studio Solution File, Format Version 12.00
# Visual Studio Version 17
VisualStudioVersion = 17.2.32630.192
MinimumVisualStudioVersion = 10.0.40219.1
Project("{8BC9CEB8-8B4A-11D0-8D11-00A0C91BC942}") = "Chapter 1", "Module 1\Chapter 1\Chapter 1.vcxproj", "{D14F649E-BE2D-498A-9B72-299C5F493221}"
EndProject
Project("{2150E333-8FDC-42A3-9474-1A3956D46DE8}") = "Module 1", "Module 1", "{AEB9B741-1FB4-451D-B20D-A13C076B6B61}"
EndProject
Project("{8BC9CEB8-8B4A-11D0-8D11-00A0C91BC942}") = "Chapter 2", "Module 1\Chapter 2\Chapter 2.vcxproj", "{55CB7EF1-F359-428A-AC69-7A6A9E649014}"
EndProject
Project("{8BC9CEB8-8B4A-11D0-8D11-00A0C91BC942}") = "Chapter 3", "Module 1\Chapter 3\Chapter 3.vcxproj", "{C30659E2-53D4-4332-949C-F47596C4450F}"
EndProject
Project("{2150E333-8FDC-42A3-9474-1A3956D46DE8}") = "Common", "Common", "{7918C70C-E1F4-406D-B0C3-81DDE611F623}"
	ProjectSection(SolutionItems) = preProject
		Common\ChallengeRunner.h = Common\ChallengeRunner.h
		Common\IChallenge.h = Common\IChallenge.h
		Common\Utilities.h = Common\Utilities.h
	EndProjectSection
EndProject
Project("{8BC9CEB8-8B4A-11D0-8D11-00A0C91BC942}") = "Chapter 4", "Module 1\Chapter 4\Chapter 4.vcxproj", "{3AF9B376-82D9-479F-8EEE-5EC5B01BFC9C}"
EndProject
Project("{8BC9CEB8-8B4A-11D0-8D11-00A0C91BC942}") = "Chapter 1", "Module 2\Chapter 1\Chapter 1.vcxproj", "{5C83846A-F583-4043-91E0-6CA21A1FB249}"
EndProject
Project("{2150E333-8FDC-42A3-9474-1A3956D46DE8}") = "Module 2", "Module 2", "{EC6E8DCD-ED00-4926-851F-B44178625A30}"
EndProject
Project("{8BC9CEB8-8B4A-11D0-8D11-00A0C91BC942}") = "Chapter 2", "Module 2\Chapter 2\Chapter 2.vcxproj", "{8B6D8455-BACC-4019-B2AA-86A8A953BF04}"
EndProject
Project("{8BC9CEB8-8B4A-11D0-8D11-00A0C91BC942}") = "Maze Game", "Module 2\Maze Game\Maze Game.vcxproj", "{9FFAED25-22A0-4CF5-92AD-0E31E24EEBFA}"
EndProject
Project("{8BC9CEB8-8B4A-11D0-8D11-00A0C91BC942}") = "LevelEditor", "Module 2\Maze Game\LevelEditor\LevelEditor.vcxproj", "{344305F8-360B-4D6A-BAD3-62F8A483C66B}"
EndProject
Project("{2150E333-8FDC-42A3-9474-1A3956D46DE8}") = "Module 3", "Module 3", "{AF180A48-75AE-46F4-AC36-796CFF6C190C}"
EndProject
Project("{8BC9CEB8-8B4A-11D0-8D11-00A0C91BC942}") = "Chapter 1", "Module 3\Chapter 1\Chapter 1.vcxproj", "{590EAC08-35BF-40CE-BFB1-A8A27EB22646}"
EndProject
Project("{8BC9CEB8-8B4A-11D0-8D11-00A0C91BC942}") = "Chapter3", "Module 3\Chapter3\Chapter3.vcxproj", "{C9C3CDC7-39CE-4966-B2A6-C94B0D4F69D8}"
EndProject
Global
	GlobalSection(SolutionConfigurationPlatforms) = preSolution
		Debug|x64 = Debug|x64
		Debug|x86 = Debug|x86
		Release|x64 = Release|x64
		Release|x86 = Release|x86
	EndGlobalSection
	GlobalSection(ProjectConfigurationPlatforms) = postSolution
		{D14F649E-BE2D-498A-9B72-299C5F493221}.Debug|x64.ActiveCfg = Debug|x64
		{D14F649E-BE2D-498A-9B72-299C5F493221}.Debug|x64.Build.0 = Debug|x64
		{D14F649E-BE2D-498A-9B72-299C5F493221}.Debug|x86.ActiveCfg = Debug|Win32
		{D14F649E-BE2D-498A-9B72-299C5F493221}.Debug|x86.Build.0 = Debug|Win32
		{D14F649E-BE2D-498A-9B72-299C5F493221}.Release|x64.ActiveCfg = Release|x64
		{D14F649E-BE2D-498A-9B72-299C5F493221}.Release|x64.Build.0 = Release|x64
		{D14F649E-BE2D-498A-9B72-299C5F493221}.Release|x86.ActiveCfg = Release|Win32
		{D14F649E-BE2D-498A-9B72-299C5F493221}.Release|x86.Build.0 = Release|Win32
		{55CB7EF1-F359-428A-AC69-7A6A9E649014}.Debug|x64.ActiveCfg = Debug|x64
		{55CB7EF1-F359-428A-AC69-7A6A9E649014}.Debug|x64.Build.0 = Debug|x64
		{55CB7EF1-F359-428A-AC69-7A6A9E649014}.Debug|x86.ActiveCfg = Debug|Win32
		{55CB7EF1-F359-428A-AC69-7A6A9E649014}.Debug|x86.Build.0 = Debug|Win32
		{55CB7EF1-F359-428A-AC69-7A6A9E649014}.Release|x64.ActiveCfg = Release|x64
		{55CB7EF1-F359-428A-AC69-7A6A9E649014}.Release|x64.Build.0 = Release|x64
		{55CB7EF1-F359-428A-AC69-7A6A9E649014}.Release|x86.ActiveCfg = Release|Win32
		{55CB7EF1-F359-428A-AC69-7A6A9E649014}.Release|x86.Build.0 = Release|Win32
		{C30659E2-53D4-4332-949C-F47596C4450F}.Debug|x64.ActiveCfg = Debug|x64
		{C30659E2-53D4-4332-949C-F47596C4450F}.Debug|x64.Build.0 = Debug|x64
		{C30659E2-53D4-4332-949C-F47596C4450F}.Debug|x86.ActiveCfg = Debug|Win32
		{C30659E2-53D4-4332-949C-F47596C4450F}.Debug|x86.Build.0 = Debug|Win32
		{C30659E2-53D4-4332-949C-F47596C4450F}.Release|x64.ActiveCfg = Release|x64
		{C30659E2-53D4-4332-949C-F47596C4450F}.Release|x64.Build.0 = Release|x64
		{C30659E2-53D4-4332-949C-F47596C4450F}.Release|x86.ActiveCfg = Release|Win32
		{C30659E2-53D4-4332-949C-F47596C4450F}.Release|x86.Build.0 = Release|Win32
		{3AF9B376-82D9-479F-8EEE-5EC5B01BFC9C}.Debug|x64.ActiveCfg = Debug|x64
		{3AF9B376-82D9-479F-8EEE-5EC5B01BFC9C}.Debug|x64.Build.0 = Debug|x64
		{3AF9B376-82D9-479F-8EEE-5EC5B01BFC9C}.Debug|x86.ActiveCfg = Debug|Win32
		{3AF9B376-82D9-479F-8EEE-5EC5B01BFC9C}.Debug|x86.Build.0 = Debug|Win32
		{3AF9B376-82D9-479F-8EEE-5EC5B01BFC9C}.Release|x64.ActiveCfg = Release|x64
		{3AF9B376-82D9-479F-8EEE-5EC5B01BFC9C}.Release|x64.Build.0 = Release|x64
		{3AF9B376-82D9-479F-8EEE-5EC5B01BFC9C}.Release|x86.ActiveCfg = Release|Win32
		{3AF9B376-82D9-479F-8EEE-5EC5B01BFC9C}.Release|x86.Build.0 = Release|Win32
		{5C83846A-F583-4043-91E0-6CA21A1FB249}.Debug|x64.ActiveCfg = Debug|x64
		{5C83846A-F583-4043-91E0-6CA21A1FB249}.Debug|x64.Build.0 = Debug|x64
		{5C83846A-F583-4043-91E0-6CA21A1FB249}.Debug|x86.ActiveCfg = Debug|Win32
		{5C83846A-F583-4043-91E0-6CA21A1FB249}.Debug|x86.Build.0 = Debug|Win32
		{5C83846A-F583-4043-91E0-6CA21A1FB249}.Release|x64.ActiveCfg = Release|x64
		{5C83846A-F583-4043-91E0-6CA21A1FB249}.Release|x64.Build.0 = Release|x64
		{5C83846A-F583-4043-91E0-6CA21A1FB249}.Release|x86.ActiveCfg = Release|Win32
		{5C83846A-F583-4043-91E0-6CA21A1FB249}.Release|x86.Build.0 = Release|Win32
		{8B6D8455-BACC-4019-B2AA-86A8A953BF04}.Debug|x64.ActiveCfg = Debug|x64
		{8B6D8455-BACC-4019-B2AA-86A8A953BF04}.Debug|x64.Build.0 = Debug|x64
		{8B6D8455-BACC-4019-B2AA-86A8A953BF04}.Debug|x86.ActiveCfg = Debug|Win32
		{8B6D8455-BACC-4019-B2AA-86A8A953BF04}.Debug|x86.Build.0 = Debug|Win32
		{8B6D8455-BACC-4019-B2AA-86A8A953BF04}.Release|x64.ActiveCfg = Release|x64
		{8B6D8455-BACC-4019-B2AA-86A8A953BF04}.Release|x64.Build.0 = Release|x64
		{8B6D8455-BACC-4019-B2AA-86A8A953BF04}.Release|x86.ActiveCfg = Release|Win32
		{8B6D8455-BACC-4019-B2AA-86A8A953BF04}.Release|x86.Build.0 = Release|Win32
		{9FFAED25-22A0-4CF5-92AD-0E31E24EEBFA}.Debug|x64.ActiveCfg = Debug|x64
		{9FFAED25-22A0-4CF5-92AD-0E31E24EEBFA}.Debug|x64.Build.0 = Debug|x64
		{9FFAED25-22A0-4CF5-92AD-0E31E24EEBFA}.Debug|x86.ActiveCfg = Debug|Win32
		{9FFAED25-22A0-4CF5-92AD-0E31E24EEBFA}.Debug|x86.Build.0 = Debug|Win32
		{9FFAED25-22A0-4CF5-92AD-0E31E24EEBFA}.Release|x64.ActiveCfg = Release|x64
		{9FFAED25-22A0-4CF5-92AD-0E31E24EEBFA}.Release|x64.Build.0 = Release|x64
		{9FFAED25-22A0-4CF5-92AD-0E31E24EEBFA}.Release|x86.ActiveCfg = Release|Win32
		{9FFAED25-22A0-4CF5-92AD-0E31E24EEBFA}.Release|x86.Build.0 = Release|Win32
		{344305F8-360B-4D6A-BAD3-62F8A483C66B}.Debug|x64.ActiveCfg = Debug|x64
		{344305F8-360B-4D6A-BAD3-62F8A483C66B}.Debug|x64.Build.0 = Debug|x64
		{344305F8-360B-4D6A-BAD3-62F8A483C66B}.Debug|x86.ActiveCfg = Debug|Win32
		{344305F8-360B-4D6A-BAD3-62F8A483C66B}.Debug|x86.Build.0 = Debug|Win32
		{344305F8-360B-4D6A-BAD3-62F8A483C66B}.Release|x64.ActiveCfg = Release|x64
		{344305F8-360B-4D6A-BAD3-62F8A483C66B}.Release|x64.Build.0 = Release|x64
		{344305F8-360B-4D6A-BAD3-62F8A483C66B}.Release|x86.ActiveCfg = Release|Win32
		{344305F8-360B-4D6A-BAD3-62F8A483C66B}.Release|x86.Build.0 = Release|Win32
		{590EAC08-35BF-40CE-BFB1-A8A27EB22646}.Debug|x64.ActiveCfg = Debug|x64
		{590EAC08-35BF-40CE-BFB1-A8A27EB22646}.Debug|x64.Build.0 = Debug|x64
		{590EAC08-35BF-40CE-BFB1-A8A27EB22646}.Debug|x86.ActiveCfg = Debug|Win32
		{590EAC08-35BF-40CE-BFB1-A8A27EB22646}.Debug|x86.Build.0 = Debug|Win32
		{590EAC08-35BF-40CE-BFB1-A8A27EB22646}.Release|x64.ActiveCfg = Release|x64
		{590EAC08-35BF-40CE-BFB1-A8A27EB22646}.Release|x64.Build.0 = Release|x64
		{590EAC08-35BF-40CE-BFB1-A8A27EB22646}.Release|x86.ActiveCfg = Release|Win32
		{590EAC08-35BF-40CE-BFB1-A8A27EB22646}.Release|x86.Build.0 = Release|Win32
		{C9C3CDC7-39CE-4966-B2A6-C94B0D4F69D8}.Debug|x64.ActiveCfg = Debug|x64
		{C9C3CDC7-39CE-4966-B2A6-C94B0D4F69D8}.Debug|x64.Build.0 = Debug|x64
		{C9C3CDC7-39CE-4966-B2A6-C94B0D4F69D8}.Debug|x86.ActiveCfg = Debug|Win32
		{C9C3CDC7-39CE-4966-B2A6-C94B0D4F69D8}.Debug|x86.Build.0 = Debug|Win32
		{C9C3CDC7-39CE-4966-B2A6-C94B0D4F69D8}.Release|x64.ActiveCfg = Release|x64
		{C9C3CDC7-39CE-4966-B2A6-C94B0D4F69D8}.Release|x64.Build.0 = Release|x64
		{C9C3CDC7-39CE-4966-B2A6-C94B0D4F69D8}.Release|x86.ActiveCfg = Release|Win32
		{C9C3CDC7-39CE-4966-B2A6-C94B0D4F69D8}.Release|x86.Build.0 = Release|Win32
	EndGlobalSection
	GlobalSection(SolutionProperties) = preSolution
		HideSolutionNode = FALSE
	EndGlobalSection
	GlobalSection(NestedProjects) = preSolution
		{D14F649E-BE2D-498A-9B72-299C5F493221} = {AEB9B741-1FB4-451D-B20D-A13C076B6B61}
		{55CB7EF1-F359-428A-AC69-7A6A9E649014} = {AEB9B741-1FB4-451D-B20D-A13C076B6B61}
		{C30659E2-53D4-4332-949C-F47596C4450F} = {AEB9B741-1FB4-451D-B20D-A13C076B6B61}
		{3AF9B376-82D9-479F-8EEE-5EC5B01BFC9C} = {AEB9B741-1FB4-451D-B20D-A13C076B6B61}
		{5C83846A-F583-4043-91E0-6CA21A1FB249} = {EC6E8DCD-ED00-4926-851F-B44178625A30}
		{8B6D8455-BACC-4019-B2AA-86A8A953BF04} = {EC6E8DCD-ED00-4926-851F-B44178625A30}
		{9FFAED25-22A0-4CF5-92AD-0E31E24EEBFA} = {EC6E8DCD-ED00-4926-851F-B44178625A30}
		{344305F8-360B-4D6A-BAD3-62F8A483C66B} = {EC6E8DCD-ED00-4926-851F-B44178625A30}
		{590EAC08-35BF-40CE-BFB1-A8A27EB22646} = {AF180A48-75AE-46F4-AC36-796CFF6C190C}
		{C9C3CDC7-39CE-4966-B2A6-C94B0D4F69D8} = {AF180A48-75AE-46F4-AC36-796CFF6C190C}
	EndGlobalSection
	GlobalSection(ExtensibilityGlobals) = postSolution
		SolutionGuid = {0312A7A0-7F74-4BB8-B6F2-C617B8B7D5D4}
	EndGlobalSection
EndGlobal
